{
    "_meta": {
        "hash": {
            "sha256": "224e9736d3fa377e38d3f46a0474e7eda099a1b2fa432162395235ea55368219"
        },
        "pipfile-spec": 6,
        "requires": {
            "python_full_version": "3.10.8",
            "python_version": "3.10"
        },
        "sources": [
            {
                "name": "pypi",
                "url": "https://pypi.org/simple",
                "verify_ssl": true
            }
        ]
    },
    "default": {},
    "develop": {}
}
